
Microsoft Visual Studio Solution File, Format Version 12.00
# Visual Studio Version 17
VisualStudioVersion = 17.9.34902.65
MinimumVisualStudioVersion = 10.0.40219.1
Project("{FAE04EC0-301F-11D3-BF4B-00C04F79EFBC}") = "WebLab4Task1", "WebLab4Task1\WebLab4Task1.csproj", "{BBCD2994-749A-4A47-A14E-DCFD7EDE487B}"
EndProject
Global
	GlobalSection(SolutionConfigurationPlatforms) = preSolution
		Debug|Any CPU = Debug|Any CPU
		Release|Any CPU = Release|Any CPU
	EndGlobalSection
	GlobalSection(ProjectConfigurationPlatforms) = postSolution
		{BBCD2994-749A-4A47-A14E-DCFD7EDE487B}.Debug|Any CPU.ActiveCfg = Debug|Any CPU
		{BBCD2994-749A-4A47-A14E-DCFD7EDE487B}.Debug|Any CPU.Build.0 = Debug|Any CPU
		{BBCD2994-749A-4A47-A14E-DCFD7EDE487B}.Release|Any CPU.ActiveCfg = Release|Any CPU
		{BBCD2994-749A-4A47-A14E-DCFD7EDE487B}.Release|Any CPU.Build.0 = Release|Any CPU
	EndGlobalSection
	GlobalSection(SolutionProperties) = preSolution
		HideSolutionNode = FALSE
	EndGlobalSection
	GlobalSection(ExtensibilityGlobals) = postSolution
		SolutionGuid = {05AA82AB-80A1-4B51-9D67-0EAB791945AC}
	EndGlobalSection
EndGlobal
