
Microsoft Visual Studio Solution File, Format Version 12.00
# Visual Studio Version 17
VisualStudioVersion = 17.9.34902.65
MinimumVisualStudioVersion = 10.0.40219.1
Project("{FAE04EC0-301F-11D3-BF4B-00C04F79EFBC}") = "WebLab4Task3", "WebLab4Task3\WebLab4Task3.csproj", "{127632E5-C304-432A-94DC-D83BE39A564A}"
EndProject
Global
	GlobalSection(SolutionConfigurationPlatforms) = preSolution
		Debug|Any CPU = Debug|Any CPU
		Release|Any CPU = Release|Any CPU
	EndGlobalSection
	GlobalSection(ProjectConfigurationPlatforms) = postSolution
		{127632E5-C304-432A-94DC-D83BE39A564A}.Debug|Any CPU.ActiveCfg = Debug|Any CPU
		{127632E5-C304-432A-94DC-D83BE39A564A}.Debug|Any CPU.Build.0 = Debug|Any CPU
		{127632E5-C304-432A-94DC-D83BE39A564A}.Release|Any CPU.ActiveCfg = Release|Any CPU
		{127632E5-C304-432A-94DC-D83BE39A564A}.Release|Any CPU.Build.0 = Release|Any CPU
	EndGlobalSection
	GlobalSection(SolutionProperties) = preSolution
		HideSolutionNode = FALSE
	EndGlobalSection
	GlobalSection(ExtensibilityGlobals) = postSolution
		SolutionGuid = {32EA3D82-1E0A-42DC-8239-835FE0389651}
	EndGlobalSection
EndGlobal
